
Microsoft Visual Studio Solution File, Format Version 12.00
# Visual Studio 14
VisualStudioVersion = 14.0.25420.1
MinimumVisualStudioVersion = 10.0.40219.1
Project("{FAE04EC0-301F-11D3-BF4B-00C04F79EFBC}") = "thrift_csharp", "thrift_csharp.csproj", "{1F4BE6F2-2CC2-4994-A6CD-4348D7B35AE7}"
EndProject
Project("{FAE04EC0-301F-11D3-BF4B-00C04F79EFBC}") = "thrift_csharp_net35", "thrift_csharp_net35.csproj", "{834F962A-A98B-48FB-8147-927FC6BEAAE6}"
EndProject
Global
	GlobalSection(SolutionConfigurationPlatforms) = preSolution
		Debug|Any CPU = Debug|Any CPU
		Release|Any CPU = Release|Any CPU
	EndGlobalSection
	GlobalSection(ProjectConfigurationPlatforms) = postSolution
		{1F4BE6F2-2CC2-4994-A6CD-4348D7B35AE7}.Debug|Any CPU.ActiveCfg = Debug|Any CPU
		{1F4BE6F2-2CC2-4994-A6CD-4348D7B35AE7}.Debug|Any CPU.Build.0 = Debug|Any CPU
		{1F4BE6F2-2CC2-4994-A6CD-4348D7B35AE7}.Release|Any CPU.ActiveCfg = Release|Any CPU
		{1F4BE6F2-2CC2-4994-A6CD-4348D7B35AE7}.Release|Any CPU.Build.0 = Release|Any CPU
		{834F962A-A98B-48FB-8147-927FC6BEAAE6}.Debug|Any CPU.ActiveCfg = Debug|Any CPU
		{834F962A-A98B-48FB-8147-927FC6BEAAE6}.Debug|Any CPU.Build.0 = Debug|Any CPU
		{834F962A-A98B-48FB-8147-927FC6BEAAE6}.Release|Any CPU.ActiveCfg = Release|Any CPU
		{834F962A-A98B-48FB-8147-927FC6BEAAE6}.Release|Any CPU.Build.0 = Release|Any CPU
	EndGlobalSection
	GlobalSection(SolutionProperties) = preSolution
		HideSolutionNode = FALSE
	EndGlobalSection
EndGlobal
